
Microsoft Visual Studio Solution File, Format Version 12.00
# Visual Studio 15
Project("{FAE04EC0-301F-11D3-BF4B-00C04F79EFBC}") = "Assembly-CSharp", "Assembly-CSharp.csproj", "{7D99B0A1-8AEE-9988-18BA-3F86EAD46C89}"
EndProject
Global
	GlobalSection(SolutionConfigurationPlatforms) = preSolution
		Debug|Any CPU = Debug|Any CPU
		Release|Any CPU = Release|Any CPU
	EndGlobalSection
	GlobalSection(ProjectConfigurationPlatforms) = postSolution
		{7D99B0A1-8AEE-9988-18BA-3F86EAD46C89}.Debug|Any CPU.ActiveCfg = Debug|Any CPU
		{7D99B0A1-8AEE-9988-18BA-3F86EAD46C89}.Debug|Any CPU.Build.0 = Debug|Any CPU
		{7D99B0A1-8AEE-9988-18BA-3F86EAD46C89}.Release|Any CPU.ActiveCfg = Release|Any CPU
		{7D99B0A1-8AEE-9988-18BA-3F86EAD46C89}.Release|Any CPU.Build.0 = Release|Any CPU
	EndGlobalSection
	GlobalSection(SolutionProperties) = preSolution
		HideSolutionNode = FALSE
	EndGlobalSection
EndGlobal
